
Microsoft Visual Studio Solution File, Format Version 12.00
# Visual Studio 15
VisualStudioVersion = 15.0.27428.2037
MinimumVisualStudioVersion = 10.0.40219.1
Project("{FAE04EC0-301F-11D3-BF4B-00C04F79EFBC}") = "Snake", "Snake\Snake.csproj", "{B6033191-B346-4EAD-95C1-2800CE2BA35D}"
EndProject
Global
	GlobalSection(SolutionConfigurationPlatforms) = preSolution
		Debug|Any CPU = Debug|Any CPU
		Release|Any CPU = Release|Any CPU
	EndGlobalSection
	GlobalSection(ProjectConfigurationPlatforms) = postSolution
		{B6033191-B346-4EAD-95C1-2800CE2BA35D}.Debug|Any CPU.ActiveCfg = Debug|Any CPU
		{B6033191-B346-4EAD-95C1-2800CE2BA35D}.Debug|Any CPU.Build.0 = Debug|Any CPU
		{B6033191-B346-4EAD-95C1-2800CE2BA35D}.Release|Any CPU.ActiveCfg = Release|Any CPU
		{B6033191-B346-4EAD-95C1-2800CE2BA35D}.Release|Any CPU.Build.0 = Release|Any CPU
	EndGlobalSection
	GlobalSection(SolutionProperties) = preSolution
		HideSolutionNode = FALSE
	EndGlobalSection
	GlobalSection(ExtensibilityGlobals) = postSolution
		SolutionGuid = {303977D0-1B62-450F-9770-793863947E29}
	EndGlobalSection
EndGlobal
